// !$*UTF8*$!
{
	archiveVersion = 1;
	classes = {
	};
	objectVersion = 46;
	objects = {

/* Begin PBXBuildFile section */
		1B4EFEF91DD09E2200DA7B3F /* AppDelegate.swift in Sources */ = {isa = PBXBuildFile; fileRef = 1B4EFEF81DD09E2200DA7B3F /* AppDelegate.swift */; };
		1B4EFEFE1DD09E2300DA7B3F /* Main.storyboard in Resources */ = {isa = PBXBuildFile; fileRef = 1B4EFEFC1DD09E2300DA7B3F /* Main.storyboard */; };
		1B4EFF001DD09E2300DA7B3F /* Assets.xcassets in Resources */ = {isa = PBXBuildFile; fileRef = 1B4EFEFF1DD09E2300DA7B3F /* Assets.xcassets */; };
		1B4EFF031DD09E2300DA7B3F /* LaunchScreen.storyboard in Resources */ = {isa = PBXBuildFile; fileRef = 1B4EFF011DD09E2300DA7B3F /* LaunchScreen.storyboard */; };
		1B4EFF0B1DD09E5800DA7B3F /* CollectionVC.swift in Sources */ = {isa = PBXBuildFile; fileRef = 1B4EFF0A1DD09E5800DA7B3F /* CollectionVC.swift */; };
/* End PBXBuildFile section */

/* Begin PBXFileReference section */
		1B4EFEF51DD09E2200DA7B3F /* CollectionViewExample.app */ = {isa = PBXFileReference; explicitFileType = wrapper.application; includeInIndex = 0; path = CollectionViewExample.app; sourceTree = BUILT_PRODUCTS_DIR; };
		1B4EFEF81DD09E2200DA7B3F /* AppDelegate.swift */ = {isa = PBXFileReference; lastKnownFileType = sourcecode.swift; path = AppDelegate.swift; sourceTree = "<group>"; };
		1B4EFEFD1DD09E2300DA7B3F /* Base */ = {isa = PBXFileReference; lastKnownFileType = file.storyboard; name = Base; path = Base.lproj/Main.storyboard; sourceTree = "<group>"; };
		1B4EFEFF1DD09E2300DA7B3F /* Assets.xcassets */ = {isa = PBXFileReference; lastKnownFileType = folder.assetcatalog; path = Assets.xcassets; sourceTree = "<group>"; };
		1B4EFF021DD09E2300DA7B3F /* Base */ = {isa = PBXFileReference; lastKnownFileType = file.storyboard; name = Base; path = Base.lproj/LaunchScreen.storyboard; sourceTree = "<group>"; };
		1B4EFF041DD09E2300DA7B3F /* Info.plist */ = {isa = PBXFileReference; lastKnownFileType = text.plist.xml; path = Info.plist; sourceTree = "<group>"; };
		1B4EFF0A1DD09E5800DA7B3F /* CollectionVC.swift */ = {isa = PBXFileReference; fileEncoding = 4; lastKnownFileType = sourcecode.swift; path = CollectionVC.swift; sourceTree = "<group>"; };
/* End PBXFileReference section */

/* Begin PBXFrameworksBuildPhase section */
		1B4EFEF21DD09E2200DA7B3F /* Frameworks */ = {
			isa = PBXFrameworksBuildPhase;
			buildActionMask = 2147483647;
			files = (
			);
			runOnlyForDeploymentPostprocessing = 0;
		};
/* End PBXFrameworksBuildPhase section */

/* Begin PBXGroup section */
		1B4EFEEC1DD09E2200DA7B3F = {
			isa = PBXGroup;
			children = (
				1B4EFEF71DD09E2200DA7B3F /* CollectionViewExample */,
				1B4EFEF61DD09E2200DA7B3F /* Products */,
			);
			sourceTree = "<group>";
		};
		1B4EFEF61DD09E2200DA7B3F /* Products */ = {
			isa = PBXGroup;
			children = (
				1B4EFEF51DD09E2200DA7B3F /* CollectionViewExample.app */,
			);
			name = Products;
			sourceTree = "<group>";
		};
		1B4EFEF71DD09E2200DA7B3F /* CollectionViewExample */ = {
			isa = PBXGroup;
			children = (
				1B4EFEF81DD09E2200DA7B3F /* AppDelegate.swift */,
				1B4EFEFC1DD09E2300DA7B3F /* Main.storyboard */,
				1B4EFEFF1DD09E2300DA7B3F /* Assets.xcassets */,
				1B4EFF011DD09E2300DA7B3F /* LaunchScreen.storyboard */,
				1B4EFF041DD09E2300DA7B3F /* Info.plist */,
				1B4EFF0A1DD09E5800DA7B3F /* CollectionVC.swift */,
			);
			path = CollectionViewExample;
			sourceTree = "<group>";
		};
/* End PBXGroup section */

/* Begin PBXNativeTarget section */
		1B4EFEF41DD09E2200DA7B3F /* CollectionViewExample */ = {
			isa = PBXNativeTarget;
			buildConfigurationList = 1B4EFF071DD09E2300DA7B3F /* Build configuration list for PBXNativeTarget "CollectionViewExample" */;
			buildPhases = (
				1B4EFEF11DD09E2200DA7B3F /* Sources */,
				1B4EFEF21DD09E2200DA7B3F /* Frameworks */,
				1B4EFEF31DD09E2200DA7B3F /* Resources */,
			);
			buildRules = (
			);
			dependencies = (
			);
			name = CollectionViewExample;
			productName = CollectionViewExample;
			productReference = 1B4EFEF51DD09E2200DA7B3F /* CollectionViewExample.app */;
			productType = "com.apple.product-type.application";
		};
/* End PBXNativeTarget section */

/* Begin PBXProject section */
		1B4EFEED1DD09E2200DA7B3F /* Project object */ = {
			isa = PBXProject;
			attributes = {
				LastSwiftUpdateCheck = 0800;
				LastUpgradeCheck = 0800;
				TargetAttributes = {
					1B4EFEF41DD09E2200DA7B3F = {
						CreatedOnToolsVersion = 8.0;
						ProvisioningStyle = Automatic;
					};
				};
			};
			buildConfigurationList = 1B4EFEF01DD09E2200DA7B3F /* Build configuration list for PBXProject "CollectionViewExample" */;
			compatibilityVersion = "Xcode 3.2";
			developmentRegion = English;
			hasScannedForEncodings = 0;
			knownRegions = (
				en,
				Base,
			);
			mainGroup = 1B4EFEEC1DD09E2200DA7B3F;
			productRefGroup = 1B4EFEF61DD09E2200DA7B3F /* Products */;
			projectDirPath = "";
			projectRoot = "";
			targets = (
				1B4EFEF41DD09E2200DA7B3F /* CollectionViewExample */,
			);
		};
/* End PBXProject section */

/* Begin PBXResourcesBuildPhase section */
		1B4EFEF31DD09E2200DA7B3F /* Resources */ = {
			isa = PBXResourcesBuildPhase;
			buildActionMask = 2147483647;
			files = (
				1B4EFF031DD09E2300DA7B3F /* LaunchScreen.storyboard in Resources */,
				1B4EFF001DD09E2300DA7B3F /* Assets.xcassets in Resources */,
				1B4EFEFE1DD09E2300DA7B3F /* Main.storyboard in Resources */,
			);
			runOnlyForDeploymentPostprocessing = 0;
		};
/* End PBXResourcesBuildPhase section */

/* Begin PBXSourcesBuildPhase section */
		1B4EFEF11DD09E2200DA7B3F /* Sources */ = {
			isa = PBXSourcesBuildPhase;
			buildActionMask = 2147483647;
			files = (
				1B4EFF0B1DD09E5800DA7B3F /* CollectionVC.swift in Sources */,
				1B4EFEF91DD09E2200DA7B3F /* AppDelegate.swift in Sources */,
			);
			runOnlyForDeploymentPostprocessing = 0;
		};
/* End PBXSourcesBuildPhase section */

/* Begin PBXVariantGroup section */
		1B4EFEFC1DD09E2300DA7B3F /* Main.storyboard */ = {
			isa = PBXVariantGroup;
			children = (
				1B4EFEFD1DD09E2300DA7B3F /* Base */,
			);
			name = Main.storyboard;
			sourceTree = "<group>";
		};
		1B4EFF011DD09E2300DA7B3F /* LaunchScreen.storyboard */ = {
			isa = PBXVariantGroup;
			children = (
				1B4EFF021DD09E2300DA7B3F /* Base */,
			);
			name = LaunchScreen.storyboard;
			sourceTree = "<group>";
		};
/* End PBXVariantGroup section */

/* Begin XCBuildConfiguration section */
		1B4EFF051DD09E2300DA7B3F /* Debug */ = {
			isa = XCBuildConfiguration;
			buildSettings = {
				ALWAYS_SEARCH_USER_PATHS = NO;
				CLANG_ANALYZER_NONNULL = YES;
				CLANG_CXX_LANGUAGE_STANDARD = "gnu++0x";
				CLANG_CXX_LIBRARY = "libc++";
				CLANG_ENABLE_MODULES = YES;
				CLANG_ENABLE_OBJC_ARC = YES;
				CLANG_WARN_BOOL_CONVERSION = YES;
				CLANG_WARN_CONSTANT_CONVERSION = YES;
				CLANG_WARN_DIRECT_OBJC_ISA_USAGE = YES_ERROR;
				CLANG_WARN_DOCUMENTATION_COMMENTS = YES;
				CLANG_WARN_EMPTY_BODY = YES;
				CLANG_WARN_ENUM_CONVERSION = YES;
				CLANG_WARN_INFINITE_RECURSION = YES;
				CLANG_WARN_INT_CONVERSION = YES;
				CLANG_WARN_OBJC_ROOT_CLASS = YES_ERROR;
				CLANG_WARN_SUSPICIOUS_MOVES = YES;
				CLANG_WARN_UNREACHABLE_CODE = YES;
				CLANG_WARN__DUPLICATE_METHOD_MATCH = YES;
				"CODE_SIGN_IDENTITY[sdk=iphoneos*]" = "iPhone Developer";
				COPY_PHASE_STRIP = NO;
				DEBUG_INFORMATION_FORMAT = dwarf;
				ENABLE_STRICT_OBJC_MSGSEND = YES;
				ENABLE_TESTABILITY = YES;
				GCC_C_LANGUAGE_STANDARD = gnu99;
				GCC_DYNAMIC_NO_PIC = NO;
				GCC_NO_COMMON_BLOCKS = YES;
				GCC_OPTIMIZATION_LEVEL = 0;
				GCC_PREPROCESSOR_DEFINITIONS = (
					"DEBUG=1",
					"$(inherited)",
				);
				GCC_WARN_64_TO_32_BIT_CONVERSION = YES;
				GCC_WARN_ABOUT_RETURN_TYPE = YES_ERROR;
				GCC_WARN_UNDECLARED_SELECTOR = YES;
				GCC_WARN_UNINITIALIZED_AUTOS = YES_AGGRESSIVE;
				GCC_WARN_UNUSED_FUNCTION = YES;
				GCC_WARN_UNUSED_VARIABLE = YES;
				IPHONEOS_DEPLOYMENT_TARGET = 10.0;
				MTL_ENABLE_DEBUG_INFO = YES;
				ONLY_ACTIVE_ARCH = YES;
				SDKROOT = iphoneos;
				SWIFT_ACTIVE_COMPILATION_CONDITIONS = DEBUG;
				SWIFT_OPTIMIZATION_LEVEL = "-Onone";
				TARGETED_DEVICE_FAMILY = "1,2";
			};
			name = Debug;
		};
		1B4EFF061DD09E2300DA7B3F /* Release */ = {
			isa = XCBuildConfiguration;
			buildSettings = {
				ALWAYS_SEARCH_USER_PATHS = NO;
				CLANG_ANALYZER_NONNULL = YES;
				CLANG_CXX_LANGUAGE_STANDARD = "gnu++0x";
				CLANG_CXX_LIBRARY = "libc++";
				CLANG_ENABLE_MODULES = YES;
				CLANG_ENABLE_OBJC_ARC = YES;
				CLANG_WARN_BOOL_CONVERSION = YES;
				CLANG_WARN_CONSTANT_CONVERSION = YES;
				CLANG_WARN_DIRECT_OBJC_ISA_USAGE = YES_ERROR;
				CLANG_WARN_DOCUMENTATION_COMMENTS = YES;
				CLANG_WARN_EMPTY_BODY = YES;
				CLANG_WARN_ENUM_CONVERSION = YES;
				CLANG_WARN_INFINITE_RECURSION = YES;
				CLANG_WARN_INT_CONVERSION = YES;
				CLANG_WARN_OBJC_ROOT_CLASS = YES_ERROR;
				CLANG_WARN_SUSPICIOUS_MOVES = YES;
				CLANG_WARN_UNREACHABLE_CODE = YES;
				CLANG_WARN__DUPLICATE_METHOD_MATCH = YES;
				"CODE_SIGN_IDENTITY[sdk=iphoneos*]" = "iPhone Developer";
				COPY_PHASE_STRIP = NO;
				DEBUG_INFORMATION_FORMAT = "dwarf-with-dsym";
				ENABLE_NS_ASSERTIONS = NO;
				ENABLE_STRICT_OBJC_MSGSEND = YES;
				GCC_C_LANGUAGE_STANDARD = gnu99;
				GCC_NO_COMMON_BLOCKS = YES;
				GCC_WARN_64_TO_32_BIT_CONVERSION = YES;
				GCC_WARN_ABOUT_RETURN_TYPE = YES_ERROR;
				GCC_WARN_UNDECLARED_SELECTOR = YES;
				GCC_WARN_UNINITIALIZED_AUTOS = YES_AGGRESSIVE;
				GCC_WARN_UNUSED_FUNCTION = YES;
				GCC_WARN_UNUSED_VARIABLE = YES;
				IPHONEOS_DEPLOYMENT_TARGET = 10.0;
				MTL_ENABLE_DEBUG_INFO = NO;
				SDKROOT = iphoneos;
				SWIFT_OPTIMIZATION_LEVEL = "-Owholemodule";
				TARGETED_DEVICE_FAMILY = "1,2";
				VALIDATE_PRODUCT = YES;
			};
			name = Release;
		};
		1B4EFF081DD09E2300DA7B3F /* Debug */ = {
			isa = XCBuildConfiguration;
			buildSettings = {
				ASSETCATALOG_COMPILER_APPICON_NAME = AppIcon;
				DEVELOPMENT_TEAM = "";
				INFOPLIST_FILE = CollectionViewExample/Info.plist;
				LD_RUNPATH_SEARCH_PATHS = "$(inherited) @executable_path/Frameworks";
				PRODUCT_BUNDLE_IDENTIFIER = iosSlack.CollectionViewExample;
				PRODUCT_NAME = "$(TARGET_NAME)";
				SWIFT_VERSION = 3.0;
			};
			name = Debug;
		};
		1B4EFF091DD09E2300DA7B3F /* Release */ = {
			isa = XCBuildConfiguration;
			buildSettings = {
				ASSETCATALOG_COMPILER_APPICON_NAME = AppIcon;
				DEVELOPMENT_TEAM = "";
				INFOPLIST_FILE = CollectionViewExample/Info.plist;
				LD_RUNPATH_SEARCH_PATHS = "$(inherited) @executable_path/Frameworks";
				PRODUCT_BUNDLE_IDENTIFIER = iosSlack.CollectionViewExample;
				PRODUCT_NAME = "$(TARGET_NAME)";
				SWIFT_VERSION = 3.0;
			};
			name = Release;
		};
/* End XCBuildConfiguration section */

/* Begin XCConfigurationList section */
		1B4EFEF01DD09E2200DA7B3F /* Build configuration list for PBXProject "CollectionViewExample" */ = {
			isa = XCConfigurationList;
			buildConfigurations = (
				1B4EFF051DD09E2300DA7B3F /* Debug */,
				1B4EFF061DD09E2300DA7B3F /* Release */,
			);
			defaultConfigurationIsVisible = 0;
			defaultConfigurationName = Release;
		};
		1B4EFF071DD09E2300DA7B3F /* Build configuration list for PBXNativeTarget "CollectionViewExample" */ = {
			isa = XCConfigurationList;
			buildConfigurations = (
				1B4EFF081DD09E2300DA7B3F /* Debug */,
				1B4EFF091DD09E2300DA7B3F /* Release */,
			);
			defaultConfigurationIsVisible = 0;
		};
/* End XCConfigurationList section */
	};
	rootObject = 1B4EFEED1DD09E2200DA7B3F /* Project object */;
}
